{
  "name": "repo_site",
  "lockfileVersion": 3,
  "requires": true,
  "packages": {
    "": {
      "dependencies": {
        "normalize.css": "^8.0.1"
      },
      "devDependencies": {
        "lightningcss-cli": "^1.28.2"
      }
    },
    "node_modules/detect-libc": {
      "version": "1.0.3",
      "resolved": "https://registry.npmjs.org/detect-libc/-/detect-libc-1.0.3.tgz",
      "integrity": "sha512-pGjwhsmsp4kL2RTz08wcOlGN83otlqHeD/Z5T8GXZB+/YcpQ/dgo+lbU8ZsGxV0HIvqqxo9l7mqYwyYMD9bKDg==",
      "dev": true,
      "license": "Apache-2.0",
      "bin": {
        "detect-libc": "bin/detect-libc.js"
      },
      "engines": {
        "node": ">=0.10"
      }
    },
    "node_modules/lightningcss-cli": {
      "version": "1.28.2",
      "resolved": "https://registry.npmjs.org/lightningcss-cli/-/lightningcss-cli-1.28.2.tgz",
      "integrity": "sha512-f+KommuBfCFYGL1ZCN6edSXt1Q+ZH35nCo+7RzT1/XpRIWhixZIJIWJE+AcXUArnrKYx/m26BQMCFRYazWZrBw==",
      "dev": true,
      "hasInstallScript": true,
      "license": "MPL-2.0",
      "dependencies": {
        "detect-libc": "^1.0.3"
      },
      "bin": {
        "lightningcss": "lightningcss"
      },
      "engines": {
        "node": ">= 12.0.0"
      },
      "funding": {
        "type": "opencollective",
        "url": "https://opencollective.com/parcel"
      },
      "optionalDependencies": {
        "lightningcss-cli-darwin-arm64": "1.28.2",
        "lightningcss-cli-darwin-x64": "1.28.2",
        "lightningcss-cli-freebsd-x64": "1.28.2",
        "lightningcss-cli-linux-arm-gnueabihf": "1.28.2",
        "lightningcss-cli-linux-arm64-gnu": "1.28.2",
        "lightningcss-cli-linux-arm64-musl": "1.28.2",
        "lightningcss-cli-linux-x64-gnu": "1.28.2",
        "lightningcss-cli-linux-x64-musl": "1.28.2",
        "lightningcss-cli-win32-arm64-msvc": "1.28.2",
        "lightningcss-cli-win32-x64-msvc": "1.28.2"
      }
    },
    "node_modules/lightningcss-cli-darwin-arm64": {
      "version": "1.28.2",
      "resolved": "https://registry.npmjs.org/lightningcss-cli-darwin-arm64/-/lightningcss-cli-darwin-arm64-1.28.2.tgz",
      "integrity": "sha512-P6CzNJcRNsuLLv/UKiYqWF4N78prZfcRdg+/2/XtaAXlWv2CpkDOCerAEHgq9QaQjB+b5aFAkDY9/KONVIYiwQ==",
      "cpu": [
        "arm64"
      ],
      "dev": true,
      "license": "MPL-2.0",
      "optional": true,
      "os": [
        "darwin"
      ],
      "engines": {
        "node": ">= 12.0.0"
      },
      "funding": {
        "type": "opencollective",
        "url": "https://opencollective.com/parcel"
      }
    },
    "node_modules/lightningcss-cli-darwin-x64": {
      "version": "1.28.2",
      "resolved": "https://registry.npmjs.org/lightningcss-cli-darwin-x64/-/lightningcss-cli-darwin-x64-1.28.2.tgz",
      "integrity": "sha512-cbp+U2u8OAjXo8KjLoQMVLJJqXBPWKDLgtmrrIx/qIw0aVpo3IgkLVWOg+uLLr23f9RSFvEMD8SEwcgtpJL4Bw==",
      "cpu": [
        "x64"
      ],
      "dev": true,
      "license": "MPL-2.0",
      "optional": true,
      "os": [
        "darwin"
      ],
      "engines": {
        "node": ">= 12.0.0"
      },
      "funding": {
        "type": "opencollective",
        "url": "https://opencollective.com/parcel"
      }
    },
    "node_modules/lightningcss-cli-freebsd-x64": {
      "version": "1.28.2",
      "resolved": "https://registry.npmjs.org/lightningcss-cli-freebsd-x64/-/lightningcss-cli-freebsd-x64-1.28.2.tgz",
      "integrity": "sha512-1F88CelPjWzawGgwq1SA1KYfHZBGg0B61DNknLzBqIEXmbDxp4PCUrXP3GatamgcyRJID2kjRg8y44mSIHXw8Q==",
      "cpu": [
        "x64"
      ],
      "dev": true,
      "license": "MPL-2.0",
      "optional": true,
      "os": [
        "freebsd"
      ],
      "engines": {
        "node": ">= 12.0.0"
      },
      "funding": {
        "type": "opencollective",
        "url": "https://opencollective.com/parcel"
      }
    },
    "node_modules/lightningcss-cli-linux-arm-gnueabihf": {
      "version": "1.28.2",
      "resolved": "https://registry.npmjs.org/lightningcss-cli-linux-arm-gnueabihf/-/lightningcss-cli-linux-arm-gnueabihf-1.28.2.tgz",
      "integrity": "sha512-GTe8SSYUC/y4aa6BSP4p5Y1ixEGZPxHezsK8y3qvO12+W0l5S+7DHUoe7d6LXRepWqAbajzr8cLk1f5NqAMgjA==",
      "cpu": [
        "arm"
      ],
      "dev": true,
      "license": "MPL-2.0",
      "optional": true,
      "os": [
        "linux"
      ],
      "engines": {
        "node": ">= 12.0.0"
      },
      "funding": {
        "type": "opencollective",
        "url": "https://opencollective.com/parcel"
      }
    },
    "node_modules/lightningcss-cli-linux-arm64-gnu": {
      "version": "1.28.2",
      "resolved": "https://registry.npmjs.org/lightningcss-cli-linux-arm64-gnu/-/lightningcss-cli-linux-arm64-gnu-1.28.2.tgz",
      "integrity": "sha512-lwy70KvUdOf7WLgn+EIuogeCy8AaJji59ioCxiY96YbRPQkfwrPg1UWKaPO+oFqeHiUcHdoYuP86v53P3py1Rw==",
      "cpu": [
        "arm64"
      ],
      "dev": true,
      "libc": [
        "glibc"
      ],
      "license": "MPL-2.0",
      "optional": true,
      "os": [
        "linux"
      ],
      "engines": {
        "node": ">= 12.0.0"
      },
      "funding": {
        "type": "opencollective",
        "url": "https://opencollective.com/parcel"
      }
    },
    "node_modules/lightningcss-cli-linux-arm64-musl": {
      "version": "1.28.2",
      "resolved": "https://registry.npmjs.org/lightningcss-cli-linux-arm64-musl/-/lightningcss-cli-linux-arm64-musl-1.28.2.tgz",
      "integrity": "sha512-mloVIVE6L+j0fVDT81uHegAtGBI52oxIqNv5jrcWa9d9xewfBeSrFyv71ZtJu8h72VRksT/bP7dUVEqGwM3+eA==",
      "cpu": [
        "arm64"
      ],
      "dev": true,
      "libc": [
        "musl"
      ],
      "license": "MPL-2.0",
      "optional": true,
      "os": [
        "linux"
      ],
      "engines": {
        "node": ">= 12.0.0"
      },
      "funding": {
        "type": "opencollective",
        "url": "https://opencollective.com/parcel"
      }
    },
    "node_modules/lightningcss-cli-linux-x64-gnu": {
      "version": "1.28.2",
      "resolved": "https://registry.npmjs.org/lightningcss-cli-linux-x64-gnu/-/lightningcss-cli-linux-x64-gnu-1.28.2.tgz",
      "integrity": "sha512-M0MGrjkmgGRbGAkAQlfBVIdb1ZW78JpJ6Bqz4ERkZ8siKUDR4yCH/vFJ9RHRxsQSXqc1qGLEuOXWi1NVYqtSfA==",
      "cpu": [
        "x64"
      ],
      "dev": true,
      "libc": [
        "glibc"
      ],
      "license": "MPL-2.0",
      "optional": true,
      "os": [
        "linux"
      ],
      "engines": {
        "node": ">= 12.0.0"
      },
      "funding": {
        "type": "opencollective",
        "url": "https://opencollective.com/parcel"
      }
    },
    "node_modules/lightningcss-cli-linux-x64-musl": {
      "version": "1.28.2",
      "resolved": "https://registry.npmjs.org/lightningcss-cli-linux-x64-musl/-/lightningcss-cli-linux-x64-musl-1.28.2.tgz",
      "integrity": "sha512-QgYkVugR7Od3vMJonT+WlUf25X+H+zivbXJPP+itYWYnDyXZ14Loega+ae4MFdSzx+B4K6+l7BQxcKTGNx4kyg==",
      "cpu": [
        "x64"
      ],
      "dev": true,
      "libc": [
        "musl"
      ],
      "license": "MPL-2.0",
      "optional": true,
      "os": [
        "linux"
      ],
      "engines": {
        "node": ">= 12.0.0"
      },
      "funding": {
        "type": "opencollective",
        "url": "https://opencollective.com/parcel"
      }
    },
    "node_modules/lightningcss-cli-win32-arm64-msvc": {
      "version": "1.28.2",
      "resolved": "https://registry.npmjs.org/lightningcss-cli-win32-arm64-msvc/-/lightningcss-cli-win32-arm64-msvc-1.28.2.tgz",
      "integrity": "sha512-sxyia6nERnx7NAOsqGrqozsV4xeyClwnOn4KQcDlkOaO31hlAlTGveWSEU1UHoMm9CE2fhLvUCiJmF605uEk0Q==",
      "cpu": [
        "arm64"
      ],
      "dev": true,
      "license": "MPL-2.0",
      "optional": true,
      "os": [
        "win32"
      ],
      "engines": {
        "node": ">= 12.0.0"
      },
      "funding": {
        "type": "opencollective",
        "url": "https://opencollective.com/parcel"
      }
    },
    "node_modules/lightningcss-cli-win32-x64-msvc": {
      "version": "1.28.2",
      "resolved": "https://registry.npmjs.org/lightningcss-cli-win32-x64-msvc/-/lightningcss-cli-win32-x64-msvc-1.28.2.tgz",
      "integrity": "sha512-2lsfto01pnWUyFe3Vlrer3oAhsYwX4Bk/FTjVKLMm785O3DD6jf2LYCKOcgTfVnCqAl+sTR+jM8B2AWVlgFyKw==",
      "cpu": [
        "x64"
      ],
      "dev": true,
      "license": "MPL-2.0",
      "optional": true,
      "os": [
        "win32"
      ],
      "engines": {
        "node": ">= 12.0.0"
      },
      "funding": {
        "type": "opencollective",
        "url": "https://opencollective.com/parcel"
      }
    },
    "node_modules/normalize.css": {
      "version": "8.0.1",
      "resolved": "https://registry.npmjs.org/normalize.css/-/normalize.css-8.0.1.tgz",
      "integrity": "sha512-qizSNPO93t1YUuUhP22btGOo3chcvDFqFaj2TRybP0DMxkHOCTYwp3n34fel4a31ORXy4m1Xq0Gyqpb5m33qIg==",
      "license": "MIT"
    }
  }
}
